// !$*UTF8*$!
{
	archiveVersion = 1;
	classes = {
	};
	objectVersion = 46;
	objects = {

/* Begin PBXBuildFile section */
		40BBFF9518BA882E00DDC28D /* GoogleMaps.framework in Frameworks */ = {isa = PBXBuildFile; fileRef = 40BBFF9418BA882E00DDC28D /* GoogleMaps.framework */; };
		985AB65F18B4A6F300F6314F /* InfoWindow.m in Sources */ = {isa = PBXBuildFile; fileRef = 985AB65E18B4A6F300F6314F /* InfoWindow.m */; };
		98E0913F18AE6EEE0077BF01 /* Foundation.framework in Frameworks */ = {isa = PBXBuildFile; fileRef = 98E0913E18AE6EEE0077BF01 /* Foundation.framework */; };
		98E0914118AE6EEE0077BF01 /* CoreGraphics.framework in Frameworks */ = {isa = PBXBuildFile; fileRef = 98E0914018AE6EEE0077BF01 /* CoreGraphics.framework */; };
		98E0914318AE6EEE0077BF01 /* UIKit.framework in Frameworks */ = {isa = PBXBuildFile; fileRef = 98E0914218AE6EEE0077BF01 /* UIKit.framework */; };
		98E0914918AE6EEE0077BF01 /* InfoPlist.strings in Resources */ = {isa = PBXBuildFile; fileRef = 98E0914718AE6EEE0077BF01 /* InfoPlist.strings */; };
		98E0914B18AE6EEE0077BF01 /* main.m in Sources */ = {isa = PBXBuildFile; fileRef = 98E0914A18AE6EEE0077BF01 /* main.m */; };
		98E0914F18AE6EEE0077BF01 /* AppDelegate.m in Sources */ = {isa = PBXBuildFile; fileRef = 98E0914E18AE6EEE0077BF01 /* AppDelegate.m */; };
		98E0915218AE6EEE0077BF01 /* Main.storyboard in Resources */ = {isa = PBXBuildFile; fileRef = 98E0915018AE6EEE0077BF01 /* Main.storyboard */; };
		98E0915518AE6EEE0077BF01 /* HomeViewController.m in Sources */ = {isa = PBXBuildFile; fileRef = 98E0915418AE6EEE0077BF01 /* HomeViewController.m */; };
		98E0915718AE6EEE0077BF01 /* Images.xcassets in Resources */ = {isa = PBXBuildFile; fileRef = 98E0915618AE6EEE0077BF01 /* Images.xcassets */; };
		98E0915E18AE6EEE0077BF01 /* XCTest.framework in Frameworks */ = {isa = PBXBuildFile; fileRef = 98E0915D18AE6EEE0077BF01 /* XCTest.framework */; };
		98E0915F18AE6EEE0077BF01 /* Foundation.framework in Frameworks */ = {isa = PBXBuildFile; fileRef = 98E0913E18AE6EEE0077BF01 /* Foundation.framework */; };
		98E0916018AE6EEE0077BF01 /* UIKit.framework in Frameworks */ = {isa = PBXBuildFile; fileRef = 98E0914218AE6EEE0077BF01 /* UIKit.framework */; };
		98E0916818AE6EEE0077BF01 /* InfoPlist.strings in Resources */ = {isa = PBXBuildFile; fileRef = 98E0916618AE6EEE0077BF01 /* InfoPlist.strings */; };
		98E0916A18AE6EEE0077BF01 /* WambamTests.m in Sources */ = {isa = PBXBuildFile; fileRef = 98E0916918AE6EEE0077BF01 /* WambamTests.m */; };
		98E0917618B150820077BF01 /* GoogleMaps.bundle in Resources */ = {isa = PBXBuildFile; fileRef = 98E0917518B150820077BF01 /* GoogleMaps.bundle */; };
		98E0917818B150B30077BF01 /* AVFoundation.framework in Frameworks */ = {isa = PBXBuildFile; fileRef = 98E0917718B150B30077BF01 /* AVFoundation.framework */; };
		98E0917A18B150BA0077BF01 /* CoreData.framework in Frameworks */ = {isa = PBXBuildFile; fileRef = 98E0917918B150BA0077BF01 /* CoreData.framework */; };
		98E0917C18B150BE0077BF01 /* CoreLocation.framework in Frameworks */ = {isa = PBXBuildFile; fileRef = 98E0917B18B150BE0077BF01 /* CoreLocation.framework */; };
		98E0917E18B150C40077BF01 /* GLKit.framework in Frameworks */ = {isa = PBXBuildFile; fileRef = 98E0917D18B150C40077BF01 /* GLKit.framework */; };
		98E0918018B150CC0077BF01 /* ImageIO.framework in Frameworks */ = {isa = PBXBuildFile; fileRef = 98E0917F18B150CC0077BF01 /* ImageIO.framework */; };
		98E0918218B150DE0077BF01 /* libc++.dylib in Frameworks */ = {isa = PBXBuildFile; fileRef = 98E0918118B150DE0077BF01 /* libc++.dylib */; };
		98E0918418B150E90077BF01 /* libicucore.dylib in Frameworks */ = {isa = PBXBuildFile; fileRef = 98E0918318B150E90077BF01 /* libicucore.dylib */; };
		98E0918618B150F40077BF01 /* libz.dylib in Frameworks */ = {isa = PBXBuildFile; fileRef = 98E0918518B150F40077BF01 /* libz.dylib */; };
		98E0918818B150FB0077BF01 /* OpenGLES.framework in Frameworks */ = {isa = PBXBuildFile; fileRef = 98E0918718B150FB0077BF01 /* OpenGLES.framework */; };
		98E0918A18B151020077BF01 /* QuartzCore.framework in Frameworks */ = {isa = PBXBuildFile; fileRef = 98E0918918B151020077BF01 /* QuartzCore.framework */; };
		98E0918C18B1510A0077BF01 /* SystemConfiguration.framework in Frameworks */ = {isa = PBXBuildFile; fileRef = 98E0918B18B1510A0077BF01 /* SystemConfiguration.framework */; };
		98E0918F18B154E80077BF01 /* MapViewController.m in Sources */ = {isa = PBXBuildFile; fileRef = 98E0918E18B154E80077BF01 /* MapViewController.m */; };
/* End PBXBuildFile section */

/* Begin PBXContainerItemProxy section */
		98E0916118AE6EEE0077BF01 /* PBXContainerItemProxy */ = {
			isa = PBXContainerItemProxy;
			containerPortal = 98E0913318AE6EEE0077BF01 /* Project object */;
			proxyType = 1;
			remoteGlobalIDString = 98E0913A18AE6EEE0077BF01;
			remoteInfo = Wambam;
		};
/* End PBXContainerItemProxy section */

/* Begin PBXFileReference section */
		40BBFF9418BA882E00DDC28D /* GoogleMaps.framework */ = {isa = PBXFileReference; lastKnownFileType = wrapper.framework; path = GoogleMaps.framework; sourceTree = "<group>"; };
		985AB65D18B4A6F300F6314F /* InfoWindow.h */ = {isa = PBXFileReference; fileEncoding = 4; lastKnownFileType = sourcecode.c.h; path = InfoWindow.h; sourceTree = "<group>"; };
		985AB65E18B4A6F300F6314F /* InfoWindow.m */ = {isa = PBXFileReference; fileEncoding = 4; lastKnownFileType = sourcecode.c.objc; path = InfoWindow.m; sourceTree = "<group>"; };
		98E0913B18AE6EEE0077BF01 /* Wambam.app */ = {isa = PBXFileReference; explicitFileType = wrapper.application; includeInIndex = 0; path = Wambam.app; sourceTree = BUILT_PRODUCTS_DIR; };
		98E0913E18AE6EEE0077BF01 /* Foundation.framework */ = {isa = PBXFileReference; lastKnownFileType = wrapper.framework; name = Foundation.framework; path = System/Library/Frameworks/Foundation.framework; sourceTree = SDKROOT; };
		98E0914018AE6EEE0077BF01 /* CoreGraphics.framework */ = {isa = PBXFileReference; lastKnownFileType = wrapper.framework; name = CoreGraphics.framework; path = System/Library/Frameworks/CoreGraphics.framework; sourceTree = SDKROOT; };
		98E0914218AE6EEE0077BF01 /* UIKit.framework */ = {isa = PBXFileReference; lastKnownFileType = wrapper.framework; name = UIKit.framework; path = System/Library/Frameworks/UIKit.framework; sourceTree = SDKROOT; };
		98E0914618AE6EEE0077BF01 /* Wambam-Info.plist */ = {isa = PBXFileReference; lastKnownFileType = text.plist.xml; path = "Wambam-Info.plist"; sourceTree = "<group>"; };
		98E0914818AE6EEE0077BF01 /* en */ = {isa = PBXFileReference; lastKnownFileType = text.plist.strings; name = en; path = en.lproj/InfoPlist.strings; sourceTree = "<group>"; };
		98E0914A18AE6EEE0077BF01 /* main.m */ = {isa = PBXFileReference; lastKnownFileType = sourcecode.c.objc; path = main.m; sourceTree = "<group>"; };
		98E0914C18AE6EEE0077BF01 /* Wambam-Prefix.pch */ = {isa = PBXFileReference; lastKnownFileType = sourcecode.c.h; path = "Wambam-Prefix.pch"; sourceTree = "<group>"; };
		98E0914D18AE6EEE0077BF01 /* AppDelegate.h */ = {isa = PBXFileReference; lastKnownFileType = sourcecode.c.h; path = AppDelegate.h; sourceTree = "<group>"; };
		98E0914E18AE6EEE0077BF01 /* AppDelegate.m */ = {isa = PBXFileReference; lastKnownFileType = sourcecode.c.objc; path = AppDelegate.m; sourceTree = "<group>"; };
		98E0915118AE6EEE0077BF01 /* Base */ = {isa = PBXFileReference; lastKnownFileType = file.storyboard; name = Base; path = Base.lproj/Main.storyboard; sourceTree = "<group>"; };
		98E0915318AE6EEE0077BF01 /* HomeViewController.h */ = {isa = PBXFileReference; lastKnownFileType = sourcecode.c.h; path = HomeViewController.h; sourceTree = "<group>"; };
		98E0915418AE6EEE0077BF01 /* HomeViewController.m */ = {isa = PBXFileReference; lastKnownFileType = sourcecode.c.objc; path = HomeViewController.m; sourceTree = "<group>"; };
		98E0915618AE6EEE0077BF01 /* Images.xcassets */ = {isa = PBXFileReference; lastKnownFileType = folder.assetcatalog; path = Images.xcassets; sourceTree = "<group>"; };
		98E0915C18AE6EEE0077BF01 /* WambamTests.xctest */ = {isa = PBXFileReference; explicitFileType = wrapper.cfbundle; includeInIndex = 0; path = WambamTests.xctest; sourceTree = BUILT_PRODUCTS_DIR; };
		98E0915D18AE6EEE0077BF01 /* XCTest.framework */ = {isa = PBXFileReference; lastKnownFileType = wrapper.framework; name = XCTest.framework; path = Library/Frameworks/XCTest.framework; sourceTree = DEVELOPER_DIR; };
		98E0916518AE6EEE0077BF01 /* WambamTests-Info.plist */ = {isa = PBXFileReference; lastKnownFileType = text.plist.xml; path = "WambamTests-Info.plist"; sourceTree = "<group>"; };
		98E0916718AE6EEE0077BF01 /* en */ = {isa = PBXFileReference; lastKnownFileType = text.plist.strings; name = en; path = en.lproj/InfoPlist.strings; sourceTree = "<group>"; };
		98E0916918AE6EEE0077BF01 /* WambamTests.m */ = {isa = PBXFileReference; lastKnownFileType = sourcecode.c.objc; path = WambamTests.m; sourceTree = "<group>"; };
		98E0917518B150820077BF01 /* GoogleMaps.bundle */ = {isa = PBXFileReference; lastKnownFileType = "wrapper.plug-in"; name = GoogleMaps.bundle; path = GoogleMaps.framework/Versions/A/Resources/GoogleMaps.bundle; sourceTree = "<group>"; };
		98E0917718B150B30077BF01 /* AVFoundation.framework */ = {isa = PBXFileReference; lastKnownFileType = wrapper.framework; name = AVFoundation.framework; path = System/Library/Frameworks/AVFoundation.framework; sourceTree = SDKROOT; };
		98E0917918B150BA0077BF01 /* CoreData.framework */ = {isa = PBXFileReference; lastKnownFileType = wrapper.framework; name = CoreData.framework; path = System/Library/Frameworks/CoreData.framework; sourceTree = SDKROOT; };
		98E0917B18B150BE0077BF01 /* CoreLocation.framework */ = {isa = PBXFileReference; lastKnownFileType = wrapper.framework; name = CoreLocation.framework; path = System/Library/Frameworks/CoreLocation.framework; sourceTree = SDKROOT; };
		98E0917D18B150C40077BF01 /* GLKit.framework */ = {isa = PBXFileReference; lastKnownFileType = wrapper.framework; name = GLKit.framework; path = System/Library/Frameworks/GLKit.framework; sourceTree = SDKROOT; };
		98E0917F18B150CC0077BF01 /* ImageIO.framework */ = {isa = PBXFileReference; lastKnownFileType = wrapper.framework; name = ImageIO.framework; path = System/Library/Frameworks/ImageIO.framework; sourceTree = SDKROOT; };
		98E0918118B150DE0077BF01 /* libc++.dylib */ = {isa = PBXFileReference; lastKnownFileType = "compiled.mach-o.dylib"; name = "libc++.dylib"; path = "usr/lib/libc++.dylib"; sourceTree = SDKROOT; };
		98E0918318B150E90077BF01 /* libicucore.dylib */ = {isa = PBXFileReference; lastKnownFileType = "compiled.mach-o.dylib"; name = libicucore.dylib; path = usr/lib/libicucore.dylib; sourceTree = SDKROOT; };
		98E0918518B150F40077BF01 /* libz.dylib */ = {isa = PBXFileReference; lastKnownFileType = "compiled.mach-o.dylib"; name = libz.dylib; path = usr/lib/libz.dylib; sourceTree = SDKROOT; };
		98E0918718B150FB0077BF01 /* OpenGLES.framework */ = {isa = PBXFileReference; lastKnownFileType = wrapper.framework; name = OpenGLES.framework; path = System/Library/Frameworks/OpenGLES.framework; sourceTree = SDKROOT; };
		98E0918918B151020077BF01 /* QuartzCore.framework */ = {isa = PBXFileReference; lastKnownFileType = wrapper.framework; name = QuartzCore.framework; path = System/Library/Frameworks/QuartzCore.framework; sourceTree = SDKROOT; };
		98E0918B18B1510A0077BF01 /* SystemConfiguration.framework */ = {isa = PBXFileReference; lastKnownFileType = wrapper.framework; name = SystemConfiguration.framework; path = System/Library/Frameworks/SystemConfiguration.framework; sourceTree = SDKROOT; };
		98E0918D18B154E80077BF01 /* MapViewController.h */ = {isa = PBXFileReference; fileEncoding = 4; lastKnownFileType = sourcecode.c.h; path = MapViewController.h; sourceTree = "<group>"; };
		98E0918E18B154E80077BF01 /* MapViewController.m */ = {isa = PBXFileReference; fileEncoding = 4; lastKnownFileType = sourcecode.c.objc; path = MapViewController.m; sourceTree = "<group>"; };
/* End PBXFileReference section */

/* Begin PBXFrameworksBuildPhase section */
		98E0913818AE6EEE0077BF01 /* Frameworks */ = {
			isa = PBXFrameworksBuildPhase;
			buildActionMask = 2147483647;
			files = (
				98E0918C18B1510A0077BF01 /* SystemConfiguration.framework in Frameworks */,
				98E0918A18B151020077BF01 /* QuartzCore.framework in Frameworks */,
				98E0918818B150FB0077BF01 /* OpenGLES.framework in Frameworks */,
				40BBFF9518BA882E00DDC28D /* GoogleMaps.framework in Frameworks */,
				98E0918618B150F40077BF01 /* libz.dylib in Frameworks */,
				98E0918418B150E90077BF01 /* libicucore.dylib in Frameworks */,
				98E0918218B150DE0077BF01 /* libc++.dylib in Frameworks */,
				98E0918018B150CC0077BF01 /* ImageIO.framework in Frameworks */,
				98E0917E18B150C40077BF01 /* GLKit.framework in Frameworks */,
				98E0917C18B150BE0077BF01 /* CoreLocation.framework in Frameworks */,
				98E0917A18B150BA0077BF01 /* CoreData.framework in Frameworks */,
				98E0917818B150B30077BF01 /* AVFoundation.framework in Frameworks */,
				98E0914118AE6EEE0077BF01 /* CoreGraphics.framework in Frameworks */,
				98E0914318AE6EEE0077BF01 /* UIKit.framework in Frameworks */,
				98E0913F18AE6EEE0077BF01 /* Foundation.framework in Frameworks */,
			);
			runOnlyForDeploymentPostprocessing = 0;
		};
		98E0915918AE6EEE0077BF01 /* Frameworks */ = {
			isa = PBXFrameworksBuildPhase;
			buildActionMask = 2147483647;
			files = (
				98E0915E18AE6EEE0077BF01 /* XCTest.framework in Frameworks */,
				98E0916018AE6EEE0077BF01 /* UIKit.framework in Frameworks */,
				98E0915F18AE6EEE0077BF01 /* Foundation.framework in Frameworks */,
			);
			runOnlyForDeploymentPostprocessing = 0;
		};
/* End PBXFrameworksBuildPhase section */

/* Begin PBXGroup section */
		985AB65C18B4A69A00F6314F /* CustomClasses */ = {
			isa = PBXGroup;
			children = (
				985AB65D18B4A6F300F6314F /* InfoWindow.h */,
				985AB65E18B4A6F300F6314F /* InfoWindow.m */,
			);
			name = CustomClasses;
			sourceTree = "<group>";
		};
		98E0913218AE6EEE0077BF01 = {
			isa = PBXGroup;
			children = (
				98E0914418AE6EEE0077BF01 /* Wambam */,
				98E0916318AE6EEE0077BF01 /* WambamTests */,
				98E0913D18AE6EEE0077BF01 /* Frameworks */,
				98E0913C18AE6EEE0077BF01 /* Products */,
			);
			sourceTree = "<group>";
		};
		98E0913C18AE6EEE0077BF01 /* Products */ = {
			isa = PBXGroup;
			children = (
				98E0913B18AE6EEE0077BF01 /* Wambam.app */,
				98E0915C18AE6EEE0077BF01 /* WambamTests.xctest */,
			);
			name = Products;
			sourceTree = "<group>";
		};
		98E0913D18AE6EEE0077BF01 /* Frameworks */ = {
			isa = PBXGroup;
			children = (
				98E0918B18B1510A0077BF01 /* SystemConfiguration.framework */,
				98E0918918B151020077BF01 /* QuartzCore.framework */,
				98E0918718B150FB0077BF01 /* OpenGLES.framework */,
				98E0918518B150F40077BF01 /* libz.dylib */,
				40BBFF9418BA882E00DDC28D /* GoogleMaps.framework */,
				98E0918318B150E90077BF01 /* libicucore.dylib */,
				98E0918118B150DE0077BF01 /* libc++.dylib */,
				98E0917F18B150CC0077BF01 /* ImageIO.framework */,
				98E0917D18B150C40077BF01 /* GLKit.framework */,
				98E0917B18B150BE0077BF01 /* CoreLocation.framework */,
				98E0917918B150BA0077BF01 /* CoreData.framework */,
				98E0917718B150B30077BF01 /* AVFoundation.framework */,
				98E0917518B150820077BF01 /* GoogleMaps.bundle */,
				98E0913E18AE6EEE0077BF01 /* Foundation.framework */,
				98E0914018AE6EEE0077BF01 /* CoreGraphics.framework */,
				98E0914218AE6EEE0077BF01 /* UIKit.framework */,
				98E0915D18AE6EEE0077BF01 /* XCTest.framework */,
			);
			name = Frameworks;
			sourceTree = "<group>";
		};
		98E0914418AE6EEE0077BF01 /* Wambam */ = {
			isa = PBXGroup;
			children = (
				985AB65C18B4A69A00F6314F /* CustomClasses */,
				98E0914D18AE6EEE0077BF01 /* AppDelegate.h */,
				98E0914E18AE6EEE0077BF01 /* AppDelegate.m */,
				98E0915018AE6EEE0077BF01 /* Main.storyboard */,
				98E0915318AE6EEE0077BF01 /* HomeViewController.h */,
				98E0915418AE6EEE0077BF01 /* HomeViewController.m */,
				98E0918D18B154E80077BF01 /* MapViewController.h */,
				98E0918E18B154E80077BF01 /* MapViewController.m */,
				98E0915618AE6EEE0077BF01 /* Images.xcassets */,
				98E0914518AE6EEE0077BF01 /* Supporting Files */,
			);
			path = Wambam;
			sourceTree = "<group>";
		};
		98E0914518AE6EEE0077BF01 /* Supporting Files */ = {
			isa = PBXGroup;
			children = (
				98E0914618AE6EEE0077BF01 /* Wambam-Info.plist */,
				98E0914718AE6EEE0077BF01 /* InfoPlist.strings */,
				98E0914A18AE6EEE0077BF01 /* main.m */,
				98E0914C18AE6EEE0077BF01 /* Wambam-Prefix.pch */,
			);
			name = "Supporting Files";
			sourceTree = "<group>";
		};
		98E0916318AE6EEE0077BF01 /* WambamTests */ = {
			isa = PBXGroup;
			children = (
				98E0916918AE6EEE0077BF01 /* WambamTests.m */,
				98E0916418AE6EEE0077BF01 /* Supporting Files */,
			);
			path = WambamTests;
			sourceTree = "<group>";
		};
		98E0916418AE6EEE0077BF01 /* Supporting Files */ = {
			isa = PBXGroup;
			children = (
				98E0916518AE6EEE0077BF01 /* WambamTests-Info.plist */,
				98E0916618AE6EEE0077BF01 /* InfoPlist.strings */,
			);
			name = "Supporting Files";
			sourceTree = "<group>";
		};
/* End PBXGroup section */

/* Begin PBXNativeTarget section */
		98E0913A18AE6EEE0077BF01 /* Wambam */ = {
			isa = PBXNativeTarget;
			buildConfigurationList = 98E0916D18AE6EEE0077BF01 /* Build configuration list for PBXNativeTarget "Wambam" */;
			buildPhases = (
				98E0913718AE6EEE0077BF01 /* Sources */,
				98E0913818AE6EEE0077BF01 /* Frameworks */,
				98E0913918AE6EEE0077BF01 /* Resources */,
			);
			buildRules = (
			);
			dependencies = (
			);
			name = Wambam;
			productName = Wambam;
			productReference = 98E0913B18AE6EEE0077BF01 /* Wambam.app */;
			productType = "com.apple.product-type.application";
		};
		98E0915B18AE6EEE0077BF01 /* WambamTests */ = {
			isa = PBXNativeTarget;
			buildConfigurationList = 98E0917018AE6EEE0077BF01 /* Build configuration list for PBXNativeTarget "WambamTests" */;
			buildPhases = (
				98E0915818AE6EEE0077BF01 /* Sources */,
				98E0915918AE6EEE0077BF01 /* Frameworks */,
				98E0915A18AE6EEE0077BF01 /* Resources */,
			);
			buildRules = (
			);
			dependencies = (
				98E0916218AE6EEE0077BF01 /* PBXTargetDependency */,
			);
			name = WambamTests;
			productName = WambamTests;
			productReference = 98E0915C18AE6EEE0077BF01 /* WambamTests.xctest */;
			productType = "com.apple.product-type.bundle.unit-test";
		};
/* End PBXNativeTarget section */

/* Begin PBXProject section */
		98E0913318AE6EEE0077BF01 /* Project object */ = {
			isa = PBXProject;
			attributes = {
				LastUpgradeCheck = 0500;
				ORGANIZATIONNAME = Wambam;
				TargetAttributes = {
					98E0915B18AE6EEE0077BF01 = {
						TestTargetID = 98E0913A18AE6EEE0077BF01;
					};
				};
			};
			buildConfigurationList = 98E0913618AE6EEE0077BF01 /* Build configuration list for PBXProject "Wambam" */;
			compatibilityVersion = "Xcode 3.2";
			developmentRegion = English;
			hasScannedForEncodings = 0;
			knownRegions = (
				en,
				Base,
			);
			mainGroup = 98E0913218AE6EEE0077BF01;
			productRefGroup = 98E0913C18AE6EEE0077BF01 /* Products */;
			projectDirPath = "";
			projectRoot = "";
			targets = (
				98E0913A18AE6EEE0077BF01 /* Wambam */,
				98E0915B18AE6EEE0077BF01 /* WambamTests */,
			);
		};
/* End PBXProject section */

/* Begin PBXResourcesBuildPhase section */
		98E0913918AE6EEE0077BF01 /* Resources */ = {
			isa = PBXResourcesBuildPhase;
			buildActionMask = 2147483647;
			files = (
				98E0915718AE6EEE0077BF01 /* Images.xcassets in Resources */,
				98E0914918AE6EEE0077BF01 /* InfoPlist.strings in Resources */,
				98E0915218AE6EEE0077BF01 /* Main.storyboard in Resources */,
				98E0917618B150820077BF01 /* GoogleMaps.bundle in Resources */,
			);
			runOnlyForDeploymentPostprocessing = 0;
		};
		98E0915A18AE6EEE0077BF01 /* Resources */ = {
			isa = PBXResourcesBuildPhase;
			buildActionMask = 2147483647;
			files = (
				98E0916818AE6EEE0077BF01 /* InfoPlist.strings in Resources */,
			);
			runOnlyForDeploymentPostprocessing = 0;
		};
/* End PBXResourcesBuildPhase section */

/* Begin PBXSourcesBuildPhase section */
		98E0913718AE6EEE0077BF01 /* Sources */ = {
			isa = PBXSourcesBuildPhase;
			buildActionMask = 2147483647;
			files = (
				98E0915518AE6EEE0077BF01 /* HomeViewController.m in Sources */,
				98E0914F18AE6EEE0077BF01 /* AppDelegate.m in Sources */,
				98E0918F18B154E80077BF01 /* MapViewController.m in Sources */,
				98E0914B18AE6EEE0077BF01 /* main.m in Sources */,
				985AB65F18B4A6F300F6314F /* InfoWindow.m in Sources */,
			);
			runOnlyForDeploymentPostprocessing = 0;
		};
		98E0915818AE6EEE0077BF01 /* Sources */ = {
			isa = PBXSourcesBuildPhase;
			buildActionMask = 2147483647;
			files = (
				98E0916A18AE6EEE0077BF01 /* WambamTests.m in Sources */,
			);
			runOnlyForDeploymentPostprocessing = 0;
		};
/* End PBXSourcesBuildPhase section */

/* Begin PBXTargetDependency section */
		98E0916218AE6EEE0077BF01 /* PBXTargetDependency */ = {
			isa = PBXTargetDependency;
			target = 98E0913A18AE6EEE0077BF01 /* Wambam */;
			targetProxy = 98E0916118AE6EEE0077BF01 /* PBXContainerItemProxy */;
		};
/* End PBXTargetDependency section */

/* Begin PBXVariantGroup section */
		98E0914718AE6EEE0077BF01 /* InfoPlist.strings */ = {
			isa = PBXVariantGroup;
			children = (
				98E0914818AE6EEE0077BF01 /* en */,
			);
			name = InfoPlist.strings;
			sourceTree = "<group>";
		};
		98E0915018AE6EEE0077BF01 /* Main.storyboard */ = {
			isa = PBXVariantGroup;
			children = (
				98E0915118AE6EEE0077BF01 /* Base */,
			);
			name = Main.storyboard;
			sourceTree = "<group>";
		};
		98E0916618AE6EEE0077BF01 /* InfoPlist.strings */ = {
			isa = PBXVariantGroup;
			children = (
				98E0916718AE6EEE0077BF01 /* en */,
			);
			name = InfoPlist.strings;
			sourceTree = "<group>";
		};
/* End PBXVariantGroup section */

/* Begin XCBuildConfiguration section */
		98E0916B18AE6EEE0077BF01 /* Debug */ = {
			isa = XCBuildConfiguration;
			buildSettings = {
				ALWAYS_SEARCH_USER_PATHS = NO;
				ARCHS = "$(ARCHS_STANDARD_INCLUDING_64_BIT)";
				CLANG_CXX_LANGUAGE_STANDARD = "gnu++0x";
				CLANG_CXX_LIBRARY = "libc++";
				CLANG_ENABLE_MODULES = YES;
				CLANG_ENABLE_OBJC_ARC = YES;
				CLANG_WARN_BOOL_CONVERSION = YES;
				CLANG_WARN_CONSTANT_CONVERSION = YES;
				CLANG_WARN_DIRECT_OBJC_ISA_USAGE = YES_ERROR;
				CLANG_WARN_EMPTY_BODY = YES;
				CLANG_WARN_ENUM_CONVERSION = YES;
				CLANG_WARN_INT_CONVERSION = YES;
				CLANG_WARN_OBJC_ROOT_CLASS = YES_ERROR;
				CLANG_WARN__DUPLICATE_METHOD_MATCH = YES;
				"CODE_SIGN_IDENTITY[sdk=iphoneos*]" = "iPhone Developer";
				COPY_PHASE_STRIP = NO;
				GCC_C_LANGUAGE_STANDARD = gnu99;
				GCC_DYNAMIC_NO_PIC = NO;
				GCC_OPTIMIZATION_LEVEL = 0;
				GCC_PREPROCESSOR_DEFINITIONS = (
					"DEBUG=1",
					"$(inherited)",
				);
				GCC_SYMBOLS_PRIVATE_EXTERN = NO;
				GCC_WARN_64_TO_32_BIT_CONVERSION = YES;
				GCC_WARN_ABOUT_RETURN_TYPE = YES_ERROR;
				GCC_WARN_UNDECLARED_SELECTOR = YES;
				GCC_WARN_UNINITIALIZED_AUTOS = YES;
				GCC_WARN_UNUSED_FUNCTION = YES;
				GCC_WARN_UNUSED_VARIABLE = YES;
				IPHONEOS_DEPLOYMENT_TARGET = 7.0;
				ONLY_ACTIVE_ARCH = YES;
				OTHER_LDFLAGS = "-ObjC";
				SDKROOT = iphoneos;
			};
			name = Debug;
		};
		98E0916C18AE6EEE0077BF01 /* Release */ = {
			isa = XCBuildConfiguration;
			buildSettings = {
				ALWAYS_SEARCH_USER_PATHS = NO;
				ARCHS = "$(ARCHS_STANDARD_INCLUDING_64_BIT)";
				CLANG_CXX_LANGUAGE_STANDARD = "gnu++0x";
				CLANG_CXX_LIBRARY = "libc++";
				CLANG_ENABLE_MODULES = YES;
				CLANG_ENABLE_OBJC_ARC = YES;
				CLANG_WARN_BOOL_CONVERSION = YES;
				CLANG_WARN_CONSTANT_CONVERSION = YES;
				CLANG_WARN_DIRECT_OBJC_ISA_USAGE = YES_ERROR;
				CLANG_WARN_EMPTY_BODY = YES;
				CLANG_WARN_ENUM_CONVERSION = YES;
				CLANG_WARN_INT_CONVERSION = YES;
				CLANG_WARN_OBJC_ROOT_CLASS = YES_ERROR;
				CLANG_WARN__DUPLICATE_METHOD_MATCH = YES;
				"CODE_SIGN_IDENTITY[sdk=iphoneos*]" = "iPhone Developer";
				COPY_PHASE_STRIP = YES;
				ENABLE_NS_ASSERTIONS = NO;
				GCC_C_LANGUAGE_STANDARD = gnu99;
				GCC_WARN_64_TO_32_BIT_CONVERSION = YES;
				GCC_WARN_ABOUT_RETURN_TYPE = YES_ERROR;
				GCC_WARN_UNDECLARED_SELECTOR = YES;
				GCC_WARN_UNINITIALIZED_AUTOS = YES;
				GCC_WARN_UNUSED_FUNCTION = YES;
				GCC_WARN_UNUSED_VARIABLE = YES;
				IPHONEOS_DEPLOYMENT_TARGET = 7.0;
				OTHER_LDFLAGS = "-ObjC";
				SDKROOT = iphoneos;
				VALIDATE_PRODUCT = YES;
			};
			name = Release;
		};
		98E0916E18AE6EEE0077BF01 /* Debug */ = {
			isa = XCBuildConfiguration;
			buildSettings = {
				ASSETCATALOG_COMPILER_APPICON_NAME = AppIcon;
				ASSETCATALOG_COMPILER_LAUNCHIMAGE_NAME = LaunchImage;
				FRAMEWORK_SEARCH_PATHS = (
					"$(inherited)",
					/Users/brandonsmith/Projects/iOS/wambam_ios/Wambam,
					/Users/aayushu/wambam_ios/Wambam,
				);
				GCC_PRECOMPILE_PREFIX_HEADER = YES;
				GCC_PREFIX_HEADER = "Wambam/Wambam-Prefix.pch";
				INFOPLIST_FILE = "Wambam/Wambam-Info.plist";
				PRODUCT_NAME = "$(TARGET_NAME)";
				WRAPPER_EXTENSION = app;
			};
			name = Debug;
		};
		98E0916F18AE6EEE0077BF01 /* Release */ = {
			isa = XCBuildConfiguration;
			buildSettings = {
				ASSETCATALOG_COMPILER_APPICON_NAME = AppIcon;
				ASSETCATALOG_COMPILER_LAUNCHIMAGE_NAME = LaunchImage;
				FRAMEWORK_SEARCH_PATHS = (
					"$(inherited)",
					/Users/brandonsmith/Projects/iOS/wambam_ios/Wambam,
					/Users/aayushu/wambam_ios/Wambam,
				);
				GCC_PRECOMPILE_PREFIX_HEADER = YES;
				GCC_PREFIX_HEADER = "Wambam/Wambam-Prefix.pch";
				INFOPLIST_FILE = "Wambam/Wambam-Info.plist";
				PRODUCT_NAME = "$(TARGET_NAME)";
				WRAPPER_EXTENSION = app;
			};
			name = Release;
		};
		98E0917118AE6EEE0077BF01 /* Debug */ = {
			isa = XCBuildConfiguration;
			buildSettings = {
				ARCHS = "$(ARCHS_STANDARD_INCLUDING_64_BIT)";
				BUNDLE_LOADER = "$(BUILT_PRODUCTS_DIR)/Wambam.app/Wambam";
				FRAMEWORK_SEARCH_PATHS = (
					"$(SDKROOT)/Developer/Library/Frameworks",
					"$(inherited)",
					"$(DEVELOPER_FRAMEWORKS_DIR)",
				);
				GCC_PRECOMPILE_PREFIX_HEADER = YES;
				GCC_PREFIX_HEADER = "Wambam/Wambam-Prefix.pch";
				GCC_PREPROCESSOR_DEFINITIONS = (
					"DEBUG=1",
					"$(inherited)",
				);
				INFOPLIST_FILE = "WambamTests/WambamTests-Info.plist";
				PRODUCT_NAME = "$(TARGET_NAME)";
				TEST_HOST = "$(BUNDLE_LOADER)";
				WRAPPER_EXTENSION = xctest;
			};
			name = Debug;
		};
		98E0917218AE6EEE0077BF01 /* Release */ = {
			isa = XCBuildConfiguration;
			buildSettings = {
				ARCHS = "$(ARCHS_STANDARD_INCLUDING_64_BIT)";
				BUNDLE_LOADER = "$(BUILT_PRODUCTS_DIR)/Wambam.app/Wambam";
				FRAMEWORK_SEARCH_PATHS = (
					"$(SDKROOT)/Developer/Library/Frameworks",
					"$(inherited)",
					"$(DEVELOPER_FRAMEWORKS_DIR)",
				);
				GCC_PRECOMPILE_PREFIX_HEADER = YES;
				GCC_PREFIX_HEADER = "Wambam/Wambam-Prefix.pch";
				INFOPLIST_FILE = "WambamTests/WambamTests-Info.plist";
				PRODUCT_NAME = "$(TARGET_NAME)";
				TEST_HOST = "$(BUNDLE_LOADER)";
				WRAPPER_EXTENSION = xctest;
			};
			name = Release;
		};
/* End XCBuildConfiguration section */

/* Begin XCConfigurationList section */
		98E0913618AE6EEE0077BF01 /* Build configuration list for PBXProject "Wambam" */ = {
			isa = XCConfigurationList;
			buildConfigurations = (
				98E0916B18AE6EEE0077BF01 /* Debug */,
				98E0916C18AE6EEE0077BF01 /* Release */,
			);
			defaultConfigurationIsVisible = 0;
			defaultConfigurationName = Release;
		};
		98E0916D18AE6EEE0077BF01 /* Build configuration list for PBXNativeTarget "Wambam" */ = {
			isa = XCConfigurationList;
			buildConfigurations = (
				98E0916E18AE6EEE0077BF01 /* Debug */,
				98E0916F18AE6EEE0077BF01 /* Release */,
			);
			defaultConfigurationIsVisible = 0;
			defaultConfigurationName = Release;
		};
		98E0917018AE6EEE0077BF01 /* Build configuration list for PBXNativeTarget "WambamTests" */ = {
			isa = XCConfigurationList;
			buildConfigurations = (
				98E0917118AE6EEE0077BF01 /* Debug */,
				98E0917218AE6EEE0077BF01 /* Release */,
			);
			defaultConfigurationIsVisible = 0;
			defaultConfigurationName = Release;
		};
/* End XCConfigurationList section */
	};
	rootObject = 98E0913318AE6EEE0077BF01 /* Project object */;
}
